
Microsoft Visual Studio Solution File, Format Version 12.00
# Visual Studio Version 16
VisualStudioVersion = 16.0.30611.23
MinimumVisualStudioVersion = 10.0.40219.1
Project("{FAE04EC0-301F-11D3-BF4B-00C04F79EFBC}") = "ServerEchoLibrary", "ServerEchoLibrary\ServerEchoLibrary.csproj", "{F7CA559E-9F7A-4E74-B7CD-6D41CE03CEBE}"
EndProject
Global
	GlobalSection(SolutionConfigurationPlatforms) = preSolution
		Debug|Any CPU = Debug|Any CPU
		Release|Any CPU = Release|Any CPU
	EndGlobalSection
	GlobalSection(ProjectConfigurationPlatforms) = postSolution
		{F7CA559E-9F7A-4E74-B7CD-6D41CE03CEBE}.Debug|Any CPU.ActiveCfg = Debug|Any CPU
		{F7CA559E-9F7A-4E74-B7CD-6D41CE03CEBE}.Debug|Any CPU.Build.0 = Debug|Any CPU
		{F7CA559E-9F7A-4E74-B7CD-6D41CE03CEBE}.Release|Any CPU.ActiveCfg = Release|Any CPU
		{F7CA559E-9F7A-4E74-B7CD-6D41CE03CEBE}.Release|Any CPU.Build.0 = Release|Any CPU
	EndGlobalSection
	GlobalSection(SolutionProperties) = preSolution
		HideSolutionNode = FALSE
	EndGlobalSection
	GlobalSection(ExtensibilityGlobals) = postSolution
		SolutionGuid = {25086BD7-1E9E-4FE4-9B9B-BE645893E7C0}
	EndGlobalSection
EndGlobal
